// !$*UTF8*$!
{
	archiveVersion = 1;
	classes = {
	};
	objectVersion = 46;
	objects = {

/* Begin PBXBuildFile section */
		2E20D7B51E62491B00A3EA0A /* AppDelegate.swift in Sources */ = {isa = PBXBuildFile; fileRef = 2E20D7B41E62491B00A3EA0A /* AppDelegate.swift */; };
		2E20D7BA1E62491B00A3EA0A /* Main.storyboard in Resources */ = {isa = PBXBuildFile; fileRef = 2E20D7B81E62491B00A3EA0A /* Main.storyboard */; };
		2E20D7BC1E62491B00A3EA0A /* Assets.xcassets in Resources */ = {isa = PBXBuildFile; fileRef = 2E20D7BB1E62491B00A3EA0A /* Assets.xcassets */; };
		2E20D7BF1E62491B00A3EA0A /* LaunchScreen.storyboard in Resources */ = {isa = PBXBuildFile; fileRef = 2E20D7BD1E62491B00A3EA0A /* LaunchScreen.storyboard */; };
		2E20D7C71E62496A00A3EA0A /* ApplicationState.swift in Sources */ = {isa = PBXBuildFile; fileRef = 2E20D7C61E62496A00A3EA0A /* ApplicationState.swift */; };
		2E20D7CE1E6258FF00A3EA0A /* InitialViewController.swift in Sources */ = {isa = PBXBuildFile; fileRef = 2E20D7CC1E6258FF00A3EA0A /* InitialViewController.swift */; };
		2E20D7CF1E6258FF00A3EA0A /* NavigationController.swift in Sources */ = {isa = PBXBuildFile; fileRef = 2E20D7CD1E6258FF00A3EA0A /* NavigationController.swift */; };
		2E20D7D11E625BD700A3EA0A /* HostViewController.swift in Sources */ = {isa = PBXBuildFile; fileRef = 2E20D7D01E625BD700A3EA0A /* HostViewController.swift */; };
		2E20D7D31E62614A00A3EA0A /* PlayersViewController.swift in Sources */ = {isa = PBXBuildFile; fileRef = 2E20D7D21E62614A00A3EA0A /* PlayersViewController.swift */; };
		2E20D7D51E6268E200A3EA0A /* JoinGameViewController.swift in Sources */ = {isa = PBXBuildFile; fileRef = 2E20D7D41E6268E200A3EA0A /* JoinGameViewController.swift */; };
		2E20D8041E627AAF00A3EA0A /* DrawViewController.swift in Sources */ = {isa = PBXBuildFile; fileRef = 2E20D8031E627AAF00A3EA0A /* DrawViewController.swift */; };
		2E5A8B651E628FAE00DF5D58 /* JotDrawingContainer.m in Sources */ = {isa = PBXBuildFile; fileRef = 2E5A8B561E628FAE00DF5D58 /* JotDrawingContainer.m */; };
		2E5A8B661E628FAE00DF5D58 /* JotDrawView.m in Sources */ = {isa = PBXBuildFile; fileRef = 2E5A8B581E628FAE00DF5D58 /* JotDrawView.m */; };
		2E5A8B671E628FAE00DF5D58 /* JotTextEditView.m in Sources */ = {isa = PBXBuildFile; fileRef = 2E5A8B5A1E628FAE00DF5D58 /* JotTextEditView.m */; };
		2E5A8B681E628FAE00DF5D58 /* JotTextView.m in Sources */ = {isa = PBXBuildFile; fileRef = 2E5A8B5C1E628FAE00DF5D58 /* JotTextView.m */; };
		2E5A8B691E628FAE00DF5D58 /* JotTouchBezier.m in Sources */ = {isa = PBXBuildFile; fileRef = 2E5A8B5E1E628FAE00DF5D58 /* JotTouchBezier.m */; };
		2E5A8B6A1E628FAE00DF5D58 /* JotTouchPoint.m in Sources */ = {isa = PBXBuildFile; fileRef = 2E5A8B601E628FAE00DF5D58 /* JotTouchPoint.m */; };
		2E5A8B6B1E628FAE00DF5D58 /* JotViewController.m in Sources */ = {isa = PBXBuildFile; fileRef = 2E5A8B621E628FAE00DF5D58 /* JotViewController.m */; };
		2E5A8B6C1E628FAE00DF5D58 /* UIImage+Jot.m in Sources */ = {isa = PBXBuildFile; fileRef = 2E5A8B641E628FAE00DF5D58 /* UIImage+Jot.m */; };
		2E5A8BAE1E62909400DF5D58 /* Info.plist in Resources */ = {isa = PBXBuildFile; fileRef = 2E5A8B941E62909300DF5D58 /* Info.plist */; };
		2E5A8BAF1E62909400DF5D58 /* MASCompositeConstraint.m in Sources */ = {isa = PBXBuildFile; fileRef = 2E5A8B961E62909300DF5D58 /* MASCompositeConstraint.m */; };
		2E5A8BB01E62909400DF5D58 /* MASConstraint.m in Sources */ = {isa = PBXBuildFile; fileRef = 2E5A8B991E62909300DF5D58 /* MASConstraint.m */; };
		2E5A8BB11E62909400DF5D58 /* MASConstraintMaker.m in Sources */ = {isa = PBXBuildFile; fileRef = 2E5A8B9B1E62909300DF5D58 /* MASConstraintMaker.m */; };
		2E5A8BB21E62909400DF5D58 /* MASLayoutConstraint.m in Sources */ = {isa = PBXBuildFile; fileRef = 2E5A8B9D1E62909400DF5D58 /* MASLayoutConstraint.m */; };
		2E5A8BB31E62909400DF5D58 /* MASViewAttribute.m in Sources */ = {isa = PBXBuildFile; fileRef = 2E5A8BA11E62909400DF5D58 /* MASViewAttribute.m */; };
		2E5A8BB41E62909400DF5D58 /* MASViewConstraint.m in Sources */ = {isa = PBXBuildFile; fileRef = 2E5A8BA31E62909400DF5D58 /* MASViewConstraint.m */; };
		2E5A8BB51E62909400DF5D58 /* NSArray+MASAdditions.m in Sources */ = {isa = PBXBuildFile; fileRef = 2E5A8BA51E62909400DF5D58 /* NSArray+MASAdditions.m */; };
		2E5A8BB61E62909400DF5D58 /* NSLayoutConstraint+MASDebugAdditions.m in Sources */ = {isa = PBXBuildFile; fileRef = 2E5A8BA81E62909400DF5D58 /* NSLayoutConstraint+MASDebugAdditions.m */; };
		2E5A8BB71E62909400DF5D58 /* View+MASAdditions.m in Sources */ = {isa = PBXBuildFile; fileRef = 2E5A8BAA1E62909400DF5D58 /* View+MASAdditions.m */; };
		2E5A8BB81E62909400DF5D58 /* ViewController+MASAdditions.m in Sources */ = {isa = PBXBuildFile; fileRef = 2E5A8BAD1E62909400DF5D58 /* ViewController+MASAdditions.m */; };
/* End PBXBuildFile section */

/* Begin PBXFileReference section */
		2E20D7B11E62491B00A3EA0A /* Telephone Pictionary.app */ = {isa = PBXFileReference; explicitFileType = wrapper.application; includeInIndex = 0; path = "Telephone Pictionary.app"; sourceTree = BUILT_PRODUCTS_DIR; };
		2E20D7B41E62491B00A3EA0A /* AppDelegate.swift */ = {isa = PBXFileReference; lastKnownFileType = sourcecode.swift; path = AppDelegate.swift; sourceTree = "<group>"; };
		2E20D7B91E62491B00A3EA0A /* Base */ = {isa = PBXFileReference; lastKnownFileType = file.storyboard; name = Base; path = Base.lproj/Main.storyboard; sourceTree = "<group>"; };
		2E20D7BB1E62491B00A3EA0A /* Assets.xcassets */ = {isa = PBXFileReference; lastKnownFileType = folder.assetcatalog; path = Assets.xcassets; sourceTree = "<group>"; };
		2E20D7BE1E62491B00A3EA0A /* Base */ = {isa = PBXFileReference; lastKnownFileType = file.storyboard; name = Base; path = Base.lproj/LaunchScreen.storyboard; sourceTree = "<group>"; };
		2E20D7C01E62491B00A3EA0A /* Info.plist */ = {isa = PBXFileReference; lastKnownFileType = text.plist.xml; path = Info.plist; sourceTree = "<group>"; };
		2E20D7C61E62496A00A3EA0A /* ApplicationState.swift */ = {isa = PBXFileReference; fileEncoding = 4; lastKnownFileType = sourcecode.swift; path = ApplicationState.swift; sourceTree = "<group>"; };
		2E20D7CC1E6258FF00A3EA0A /* InitialViewController.swift */ = {isa = PBXFileReference; fileEncoding = 4; lastKnownFileType = sourcecode.swift; path = InitialViewController.swift; sourceTree = "<group>"; };
		2E20D7CD1E6258FF00A3EA0A /* NavigationController.swift */ = {isa = PBXFileReference; fileEncoding = 4; lastKnownFileType = sourcecode.swift; path = NavigationController.swift; sourceTree = "<group>"; };
		2E20D7D01E625BD700A3EA0A /* HostViewController.swift */ = {isa = PBXFileReference; fileEncoding = 4; lastKnownFileType = sourcecode.swift; path = HostViewController.swift; sourceTree = "<group>"; };
		2E20D7D21E62614A00A3EA0A /* PlayersViewController.swift */ = {isa = PBXFileReference; fileEncoding = 4; lastKnownFileType = sourcecode.swift; path = PlayersViewController.swift; sourceTree = "<group>"; };
		2E20D7D41E6268E200A3EA0A /* JoinGameViewController.swift */ = {isa = PBXFileReference; fileEncoding = 4; lastKnownFileType = sourcecode.swift; path = JoinGameViewController.swift; sourceTree = "<group>"; };
		2E20D8031E627AAF00A3EA0A /* DrawViewController.swift */ = {isa = PBXFileReference; fileEncoding = 4; lastKnownFileType = sourcecode.swift; path = DrawViewController.swift; sourceTree = "<group>"; };
		2E5A8B541E628FAE00DF5D58 /* jot.h */ = {isa = PBXFileReference; fileEncoding = 4; lastKnownFileType = sourcecode.c.h; path = jot.h; sourceTree = "<group>"; };
		2E5A8B551E628FAE00DF5D58 /* JotDrawingContainer.h */ = {isa = PBXFileReference; fileEncoding = 4; lastKnownFileType = sourcecode.c.h; path = JotDrawingContainer.h; sourceTree = "<group>"; };
		2E5A8B561E628FAE00DF5D58 /* JotDrawingContainer.m */ = {isa = PBXFileReference; fileEncoding = 4; lastKnownFileType = sourcecode.c.objc; path = JotDrawingContainer.m; sourceTree = "<group>"; };
		2E5A8B571E628FAE00DF5D58 /* JotDrawView.h */ = {isa = PBXFileReference; fileEncoding = 4; lastKnownFileType = sourcecode.c.h; path = JotDrawView.h; sourceTree = "<group>"; };
		2E5A8B581E628FAE00DF5D58 /* JotDrawView.m */ = {isa = PBXFileReference; fileEncoding = 4; lastKnownFileType = sourcecode.c.objc; path = JotDrawView.m; sourceTree = "<group>"; };
		2E5A8B591E628FAE00DF5D58 /* JotTextEditView.h */ = {isa = PBXFileReference; fileEncoding = 4; lastKnownFileType = sourcecode.c.h; path = JotTextEditView.h; sourceTree = "<group>"; };
		2E5A8B5A1E628FAE00DF5D58 /* JotTextEditView.m */ = {isa = PBXFileReference; fileEncoding = 4; lastKnownFileType = sourcecode.c.objc; path = JotTextEditView.m; sourceTree = "<group>"; };
		2E5A8B5B1E628FAE00DF5D58 /* JotTextView.h */ = {isa = PBXFileReference; fileEncoding = 4; lastKnownFileType = sourcecode.c.h; path = JotTextView.h; sourceTree = "<group>"; };
		2E5A8B5C1E628FAE00DF5D58 /* JotTextView.m */ = {isa = PBXFileReference; fileEncoding = 4; lastKnownFileType = sourcecode.c.objc; path = JotTextView.m; sourceTree = "<group>"; };
		2E5A8B5D1E628FAE00DF5D58 /* JotTouchBezier.h */ = {isa = PBXFileReference; fileEncoding = 4; lastKnownFileType = sourcecode.c.h; path = JotTouchBezier.h; sourceTree = "<group>"; };
		2E5A8B5E1E628FAE00DF5D58 /* JotTouchBezier.m */ = {isa = PBXFileReference; fileEncoding = 4; lastKnownFileType = sourcecode.c.objc; path = JotTouchBezier.m; sourceTree = "<group>"; };
		2E5A8B5F1E628FAE00DF5D58 /* JotTouchPoint.h */ = {isa = PBXFileReference; fileEncoding = 4; lastKnownFileType = sourcecode.c.h; path = JotTouchPoint.h; sourceTree = "<group>"; };
		2E5A8B601E628FAE00DF5D58 /* JotTouchPoint.m */ = {isa = PBXFileReference; fileEncoding = 4; lastKnownFileType = sourcecode.c.objc; path = JotTouchPoint.m; sourceTree = "<group>"; };
		2E5A8B611E628FAE00DF5D58 /* JotViewController.h */ = {isa = PBXFileReference; fileEncoding = 4; lastKnownFileType = sourcecode.c.h; path = JotViewController.h; sourceTree = "<group>"; };
		2E5A8B621E628FAE00DF5D58 /* JotViewController.m */ = {isa = PBXFileReference; fileEncoding = 4; lastKnownFileType = sourcecode.c.objc; path = JotViewController.m; sourceTree = "<group>"; };
		2E5A8B631E628FAE00DF5D58 /* UIImage+Jot.h */ = {isa = PBXFileReference; fileEncoding = 4; lastKnownFileType = sourcecode.c.h; path = "UIImage+Jot.h"; sourceTree = "<group>"; };
		2E5A8B641E628FAE00DF5D58 /* UIImage+Jot.m */ = {isa = PBXFileReference; fileEncoding = 4; lastKnownFileType = sourcecode.c.objc; path = "UIImage+Jot.m"; sourceTree = "<group>"; };
		2E5A8B941E62909300DF5D58 /* Info.plist */ = {isa = PBXFileReference; fileEncoding = 4; lastKnownFileType = text.plist.xml; path = Info.plist; sourceTree = "<group>"; };
		2E5A8B951E62909300DF5D58 /* MASCompositeConstraint.h */ = {isa = PBXFileReference; fileEncoding = 4; lastKnownFileType = sourcecode.c.h; path = MASCompositeConstraint.h; sourceTree = "<group>"; };
		2E5A8B961E62909300DF5D58 /* MASCompositeConstraint.m */ = {isa = PBXFileReference; fileEncoding = 4; lastKnownFileType = sourcecode.c.objc; path = MASCompositeConstraint.m; sourceTree = "<group>"; };
		2E5A8B971E62909300DF5D58 /* MASConstraint+Private.h */ = {isa = PBXFileReference; fileEncoding = 4; lastKnownFileType = sourcecode.c.h; path = "MASConstraint+Private.h"; sourceTree = "<group>"; };
		2E5A8B981E62909300DF5D58 /* MASConstraint.h */ = {isa = PBXFileReference; fileEncoding = 4; lastKnownFileType = sourcecode.c.h; path = MASConstraint.h; sourceTree = "<group>"; };
		2E5A8B991E62909300DF5D58 /* MASConstraint.m */ = {isa = PBXFileReference; fileEncoding = 4; lastKnownFileType = sourcecode.c.objc; path = MASConstraint.m; sourceTree = "<group>"; };
		2E5A8B9A1E62909300DF5D58 /* MASConstraintMaker.h */ = {isa = PBXFileReference; fileEncoding = 4; lastKnownFileType = sourcecode.c.h; path = MASConstraintMaker.h; sourceTree = "<group>"; };
		2E5A8B9B1E62909300DF5D58 /* MASConstraintMaker.m */ = {isa = PBXFileReference; fileEncoding = 4; lastKnownFileType = sourcecode.c.objc; path = MASConstraintMaker.m; sourceTree = "<group>"; };
		2E5A8B9C1E62909300DF5D58 /* MASLayoutConstraint.h */ = {isa = PBXFileReference; fileEncoding = 4; lastKnownFileType = sourcecode.c.h; path = MASLayoutConstraint.h; sourceTree = "<group>"; };
		2E5A8B9D1E62909400DF5D58 /* MASLayoutConstraint.m */ = {isa = PBXFileReference; fileEncoding = 4; lastKnownFileType = sourcecode.c.objc; path = MASLayoutConstraint.m; sourceTree = "<group>"; };
		2E5A8B9E1E62909400DF5D58 /* Masonry.h */ = {isa = PBXFileReference; fileEncoding = 4; lastKnownFileType = sourcecode.c.h; path = Masonry.h; sourceTree = "<group>"; };
		2E5A8B9F1E62909400DF5D58 /* MASUtilities.h */ = {isa = PBXFileReference; fileEncoding = 4; lastKnownFileType = sourcecode.c.h; path = MASUtilities.h; sourceTree = "<group>"; };
		2E5A8BA01E62909400DF5D58 /* MASViewAttribute.h */ = {isa = PBXFileReference; fileEncoding = 4; lastKnownFileType = sourcecode.c.h; path = MASViewAttribute.h; sourceTree = "<group>"; };
		2E5A8BA11E62909400DF5D58 /* MASViewAttribute.m */ = {isa = PBXFileReference; fileEncoding = 4; lastKnownFileType = sourcecode.c.objc; path = MASViewAttribute.m; sourceTree = "<group>"; };
		2E5A8BA21E62909400DF5D58 /* MASViewConstraint.h */ = {isa = PBXFileReference; fileEncoding = 4; lastKnownFileType = sourcecode.c.h; path = MASViewConstraint.h; sourceTree = "<group>"; };
		2E5A8BA31E62909400DF5D58 /* MASViewConstraint.m */ = {isa = PBXFileReference; fileEncoding = 4; lastKnownFileType = sourcecode.c.objc; path = MASViewConstraint.m; sourceTree = "<group>"; };
		2E5A8BA41E62909400DF5D58 /* NSArray+MASAdditions.h */ = {isa = PBXFileReference; fileEncoding = 4; lastKnownFileType = sourcecode.c.h; path = "NSArray+MASAdditions.h"; sourceTree = "<group>"; };
		2E5A8BA51E62909400DF5D58 /* NSArray+MASAdditions.m */ = {isa = PBXFileReference; fileEncoding = 4; lastKnownFileType = sourcecode.c.objc; path = "NSArray+MASAdditions.m"; sourceTree = "<group>"; };
		2E5A8BA61E62909400DF5D58 /* NSArray+MASShorthandAdditions.h */ = {isa = PBXFileReference; fileEncoding = 4; lastKnownFileType = sourcecode.c.h; path = "NSArray+MASShorthandAdditions.h"; sourceTree = "<group>"; };
		2E5A8BA71E62909400DF5D58 /* NSLayoutConstraint+MASDebugAdditions.h */ = {isa = PBXFileReference; fileEncoding = 4; lastKnownFileType = sourcecode.c.h; path = "NSLayoutConstraint+MASDebugAdditions.h"; sourceTree = "<group>"; };
		2E5A8BA81E62909400DF5D58 /* NSLayoutConstraint+MASDebugAdditions.m */ = {isa = PBXFileReference; fileEncoding = 4; lastKnownFileType = sourcecode.c.objc; path = "NSLayoutConstraint+MASDebugAdditions.m"; sourceTree = "<group>"; };
		2E5A8BA91E62909400DF5D58 /* View+MASAdditions.h */ = {isa = PBXFileReference; fileEncoding = 4; lastKnownFileType = sourcecode.c.h; path = "View+MASAdditions.h"; sourceTree = "<group>"; };
		2E5A8BAA1E62909400DF5D58 /* View+MASAdditions.m */ = {isa = PBXFileReference; fileEncoding = 4; lastKnownFileType = sourcecode.c.objc; path = "View+MASAdditions.m"; sourceTree = "<group>"; };
		2E5A8BAB1E62909400DF5D58 /* View+MASShorthandAdditions.h */ = {isa = PBXFileReference; fileEncoding = 4; lastKnownFileType = sourcecode.c.h; path = "View+MASShorthandAdditions.h"; sourceTree = "<group>"; };
		2E5A8BAC1E62909400DF5D58 /* ViewController+MASAdditions.h */ = {isa = PBXFileReference; fileEncoding = 4; lastKnownFileType = sourcecode.c.h; path = "ViewController+MASAdditions.h"; sourceTree = "<group>"; };
		2E5A8BAD1E62909400DF5D58 /* ViewController+MASAdditions.m */ = {isa = PBXFileReference; fileEncoding = 4; lastKnownFileType = sourcecode.c.objc; path = "ViewController+MASAdditions.m"; sourceTree = "<group>"; };
/* End PBXFileReference section */

/* Begin PBXFrameworksBuildPhase section */
		2E20D7AE1E62491A00A3EA0A /* Frameworks */ = {
			isa = PBXFrameworksBuildPhase;
			buildActionMask = 2147483647;
			files = (
			);
			runOnlyForDeploymentPostprocessing = 0;
		};
/* End PBXFrameworksBuildPhase section */

/* Begin PBXGroup section */
		2E20D7A81E62491A00A3EA0A = {
			isa = PBXGroup;
			children = (
				2E20D7B31E62491B00A3EA0A /* Telephone Pictionary */,
				2E20D7B21E62491B00A3EA0A /* Products */,
			);
			sourceTree = "<group>";
		};
		2E20D7B21E62491B00A3EA0A /* Products */ = {
			isa = PBXGroup;
			children = (
				2E20D7B11E62491B00A3EA0A /* Telephone Pictionary.app */,
			);
			name = Products;
			sourceTree = "<group>";
		};
		2E20D7B31E62491B00A3EA0A /* Telephone Pictionary */ = {
			isa = PBXGroup;
			children = (
				2E20D7C61E62496A00A3EA0A /* ApplicationState.swift */,
				2E20D7CB1E6258FF00A3EA0A /* View Controllers */,
				2E20D7B41E62491B00A3EA0A /* AppDelegate.swift */,
				2E20D7B81E62491B00A3EA0A /* Main.storyboard */,
				2E20D7BB1E62491B00A3EA0A /* Assets.xcassets */,
				2E20D7BD1E62491B00A3EA0A /* LaunchScreen.storyboard */,
				2E20D7C01E62491B00A3EA0A /* Info.plist */,
				2E5A8B531E628FAE00DF5D58 /* jot */,
				2E5A8B931E62909300DF5D58 /* Masonry */,
			);
			path = "Telephone Pictionary";
			sourceTree = "<group>";
		};
		2E20D7CB1E6258FF00A3EA0A /* View Controllers */ = {
			isa = PBXGroup;
			children = (
				2E20D7CC1E6258FF00A3EA0A /* InitialViewController.swift */,
				2E20D7CD1E6258FF00A3EA0A /* NavigationController.swift */,
				2E20D7D01E625BD700A3EA0A /* HostViewController.swift */,
				2E20D7D21E62614A00A3EA0A /* PlayersViewController.swift */,
				2E20D7D41E6268E200A3EA0A /* JoinGameViewController.swift */,
				2E20D8031E627AAF00A3EA0A /* DrawViewController.swift */,
			);
			path = "View Controllers";
			sourceTree = "<group>";
		};
		2E5A8B531E628FAE00DF5D58 /* jot */ = {
			isa = PBXGroup;
			children = (
				2E5A8B541E628FAE00DF5D58 /* jot.h */,
				2E5A8B551E628FAE00DF5D58 /* JotDrawingContainer.h */,
				2E5A8B561E628FAE00DF5D58 /* JotDrawingContainer.m */,
				2E5A8B571E628FAE00DF5D58 /* JotDrawView.h */,
				2E5A8B581E628FAE00DF5D58 /* JotDrawView.m */,
				2E5A8B591E628FAE00DF5D58 /* JotTextEditView.h */,
				2E5A8B5A1E628FAE00DF5D58 /* JotTextEditView.m */,
				2E5A8B5B1E628FAE00DF5D58 /* JotTextView.h */,
				2E5A8B5C1E628FAE00DF5D58 /* JotTextView.m */,
				2E5A8B5D1E628FAE00DF5D58 /* JotTouchBezier.h */,
				2E5A8B5E1E628FAE00DF5D58 /* JotTouchBezier.m */,
				2E5A8B5F1E628FAE00DF5D58 /* JotTouchPoint.h */,
				2E5A8B601E628FAE00DF5D58 /* JotTouchPoint.m */,
				2E5A8B611E628FAE00DF5D58 /* JotViewController.h */,
				2E5A8B621E628FAE00DF5D58 /* JotViewController.m */,
				2E5A8B631E628FAE00DF5D58 /* UIImage+Jot.h */,
				2E5A8B641E628FAE00DF5D58 /* UIImage+Jot.m */,
			);
			path = jot;
			sourceTree = "<group>";
		};
		2E5A8B931E62909300DF5D58 /* Masonry */ = {
			isa = PBXGroup;
			children = (
				2E5A8B941E62909300DF5D58 /* Info.plist */,
				2E5A8B951E62909300DF5D58 /* MASCompositeConstraint.h */,
				2E5A8B961E62909300DF5D58 /* MASCompositeConstraint.m */,
				2E5A8B971E62909300DF5D58 /* MASConstraint+Private.h */,
				2E5A8B981E62909300DF5D58 /* MASConstraint.h */,
				2E5A8B991E62909300DF5D58 /* MASConstraint.m */,
				2E5A8B9A1E62909300DF5D58 /* MASConstraintMaker.h */,
				2E5A8B9B1E62909300DF5D58 /* MASConstraintMaker.m */,
				2E5A8B9C1E62909300DF5D58 /* MASLayoutConstraint.h */,
				2E5A8B9D1E62909400DF5D58 /* MASLayoutConstraint.m */,
				2E5A8B9E1E62909400DF5D58 /* Masonry.h */,
				2E5A8B9F1E62909400DF5D58 /* MASUtilities.h */,
				2E5A8BA01E62909400DF5D58 /* MASViewAttribute.h */,
				2E5A8BA11E62909400DF5D58 /* MASViewAttribute.m */,
				2E5A8BA21E62909400DF5D58 /* MASViewConstraint.h */,
				2E5A8BA31E62909400DF5D58 /* MASViewConstraint.m */,
				2E5A8BA41E62909400DF5D58 /* NSArray+MASAdditions.h */,
				2E5A8BA51E62909400DF5D58 /* NSArray+MASAdditions.m */,
				2E5A8BA61E62909400DF5D58 /* NSArray+MASShorthandAdditions.h */,
				2E5A8BA71E62909400DF5D58 /* NSLayoutConstraint+MASDebugAdditions.h */,
				2E5A8BA81E62909400DF5D58 /* NSLayoutConstraint+MASDebugAdditions.m */,
				2E5A8BA91E62909400DF5D58 /* View+MASAdditions.h */,
				2E5A8BAA1E62909400DF5D58 /* View+MASAdditions.m */,
				2E5A8BAB1E62909400DF5D58 /* View+MASShorthandAdditions.h */,
				2E5A8BAC1E62909400DF5D58 /* ViewController+MASAdditions.h */,
				2E5A8BAD1E62909400DF5D58 /* ViewController+MASAdditions.m */,
			);
			path = Masonry;
			sourceTree = "<group>";
		};
/* End PBXGroup section */

/* Begin PBXNativeTarget section */
		2E20D7B01E62491A00A3EA0A /* Telephone Pictionary */ = {
			isa = PBXNativeTarget;
			buildConfigurationList = 2E20D7C31E62491B00A3EA0A /* Build configuration list for PBXNativeTarget "Telephone Pictionary" */;
			buildPhases = (
				2E20D7AD1E62491A00A3EA0A /* Sources */,
				2E20D7AE1E62491A00A3EA0A /* Frameworks */,
				2E20D7AF1E62491A00A3EA0A /* Resources */,
			);
			buildRules = (
			);
			dependencies = (
			);
			name = "Telephone Pictionary";
			productName = "Telephone Pictionary";
			productReference = 2E20D7B11E62491B00A3EA0A /* Telephone Pictionary.app */;
			productType = "com.apple.product-type.application";
		};
/* End PBXNativeTarget section */

/* Begin PBXProject section */
		2E20D7A91E62491A00A3EA0A /* Project object */ = {
			isa = PBXProject;
			attributes = {
				LastSwiftUpdateCheck = 0820;
				LastUpgradeCheck = 0820;
				ORGANIZATIONNAME = "Cal Stephens";
				TargetAttributes = {
					2E20D7B01E62491A00A3EA0A = {
						CreatedOnToolsVersion = 8.2.1;
						DevelopmentTeam = FZ89A5SZ7C;
						ProvisioningStyle = Automatic;
					};
				};
			};
			buildConfigurationList = 2E20D7AC1E62491A00A3EA0A /* Build configuration list for PBXProject "Telephone Pictionary" */;
			compatibilityVersion = "Xcode 3.2";
			developmentRegion = English;
			hasScannedForEncodings = 0;
			knownRegions = (
				en,
				Base,
			);
			mainGroup = 2E20D7A81E62491A00A3EA0A;
			productRefGroup = 2E20D7B21E62491B00A3EA0A /* Products */;
			projectDirPath = "";
			projectRoot = "";
			targets = (
				2E20D7B01E62491A00A3EA0A /* Telephone Pictionary */,
			);
		};
/* End PBXProject section */

/* Begin PBXResourcesBuildPhase section */
		2E20D7AF1E62491A00A3EA0A /* Resources */ = {
			isa = PBXResourcesBuildPhase;
			buildActionMask = 2147483647;
			files = (
				2E5A8BAE1E62909400DF5D58 /* Info.plist in Resources */,
				2E20D7BF1E62491B00A3EA0A /* LaunchScreen.storyboard in Resources */,
				2E20D7BC1E62491B00A3EA0A /* Assets.xcassets in Resources */,
				2E20D7BA1E62491B00A3EA0A /* Main.storyboard in Resources */,
			);
			runOnlyForDeploymentPostprocessing = 0;
		};
/* End PBXResourcesBuildPhase section */

/* Begin PBXSourcesBuildPhase section */
		2E20D7AD1E62491A00A3EA0A /* Sources */ = {
			isa = PBXSourcesBuildPhase;
			buildActionMask = 2147483647;
			files = (
				2E20D7CE1E6258FF00A3EA0A /* InitialViewController.swift in Sources */,
				2E5A8BB41E62909400DF5D58 /* MASViewConstraint.m in Sources */,
				2E5A8B6C1E628FAE00DF5D58 /* UIImage+Jot.m in Sources */,
				2E5A8BB01E62909400DF5D58 /* MASConstraint.m in Sources */,
				2E5A8B681E628FAE00DF5D58 /* JotTextView.m in Sources */,
				2E20D7D11E625BD700A3EA0A /* HostViewController.swift in Sources */,
				2E20D8041E627AAF00A3EA0A /* DrawViewController.swift in Sources */,
				2E20D7CF1E6258FF00A3EA0A /* NavigationController.swift in Sources */,
				2E5A8BB81E62909400DF5D58 /* ViewController+MASAdditions.m in Sources */,
				2E5A8BB71E62909400DF5D58 /* View+MASAdditions.m in Sources */,
				2E5A8B661E628FAE00DF5D58 /* JotDrawView.m in Sources */,
				2E5A8BB31E62909400DF5D58 /* MASViewAttribute.m in Sources */,
				2E5A8B6A1E628FAE00DF5D58 /* JotTouchPoint.m in Sources */,
				2E20D7C71E62496A00A3EA0A /* ApplicationState.swift in Sources */,
				2E5A8B671E628FAE00DF5D58 /* JotTextEditView.m in Sources */,
				2E5A8BAF1E62909400DF5D58 /* MASCompositeConstraint.m in Sources */,
				2E5A8BB21E62909400DF5D58 /* MASLayoutConstraint.m in Sources */,
				2E20D7B51E62491B00A3EA0A /* AppDelegate.swift in Sources */,
				2E20D7D31E62614A00A3EA0A /* PlayersViewController.swift in Sources */,
				2E5A8BB11E62909400DF5D58 /* MASConstraintMaker.m in Sources */,
				2E5A8BB51E62909400DF5D58 /* NSArray+MASAdditions.m in Sources */,
				2E5A8B6B1E628FAE00DF5D58 /* JotViewController.m in Sources */,
				2E5A8B691E628FAE00DF5D58 /* JotTouchBezier.m in Sources */,
				2E5A8B651E628FAE00DF5D58 /* JotDrawingContainer.m in Sources */,
				2E20D7D51E6268E200A3EA0A /* JoinGameViewController.swift in Sources */,
				2E5A8BB61E62909400DF5D58 /* NSLayoutConstraint+MASDebugAdditions.m in Sources */,
			);
			runOnlyForDeploymentPostprocessing = 0;
		};
/* End PBXSourcesBuildPhase section */

/* Begin PBXVariantGroup section */
		2E20D7B81E62491B00A3EA0A /* Main.storyboard */ = {
			isa = PBXVariantGroup;
			children = (
				2E20D7B91E62491B00A3EA0A /* Base */,
			);
			name = Main.storyboard;
			sourceTree = "<group>";
		};
		2E20D7BD1E62491B00A3EA0A /* LaunchScreen.storyboard */ = {
			isa = PBXVariantGroup;
			children = (
				2E20D7BE1E62491B00A3EA0A /* Base */,
			);
			name = LaunchScreen.storyboard;
			sourceTree = "<group>";
		};
/* End PBXVariantGroup section */

/* Begin XCBuildConfiguration section */
		2E20D7C11E62491B00A3EA0A /* Debug */ = {
			isa = XCBuildConfiguration;
			buildSettings = {
				ALWAYS_SEARCH_USER_PATHS = NO;
				CLANG_ANALYZER_NONNULL = YES;
				CLANG_CXX_LANGUAGE_STANDARD = "gnu++0x";
				CLANG_CXX_LIBRARY = "libc++";
				CLANG_ENABLE_MODULES = YES;
				CLANG_ENABLE_OBJC_ARC = YES;
				CLANG_WARN_BOOL_CONVERSION = YES;
				CLANG_WARN_CONSTANT_CONVERSION = YES;
				CLANG_WARN_DIRECT_OBJC_ISA_USAGE = YES_ERROR;
				CLANG_WARN_DOCUMENTATION_COMMENTS = YES;
				CLANG_WARN_EMPTY_BODY = YES;
				CLANG_WARN_ENUM_CONVERSION = YES;
				CLANG_WARN_INFINITE_RECURSION = YES;
				CLANG_WARN_INT_CONVERSION = YES;
				CLANG_WARN_OBJC_ROOT_CLASS = YES_ERROR;
				CLANG_WARN_SUSPICIOUS_MOVE = YES;
				CLANG_WARN_UNREACHABLE_CODE = YES;
				CLANG_WARN__DUPLICATE_METHOD_MATCH = YES;
				"CODE_SIGN_IDENTITY[sdk=iphoneos*]" = "iPhone Developer";
				COPY_PHASE_STRIP = NO;
				DEBUG_INFORMATION_FORMAT = dwarf;
				ENABLE_STRICT_OBJC_MSGSEND = YES;
				ENABLE_TESTABILITY = YES;
				GCC_C_LANGUAGE_STANDARD = gnu99;
				GCC_DYNAMIC_NO_PIC = NO;
				GCC_NO_COMMON_BLOCKS = YES;
				GCC_OPTIMIZATION_LEVEL = 0;
				GCC_PREPROCESSOR_DEFINITIONS = (
					"DEBUG=1",
					"$(inherited)",
				);
				GCC_WARN_64_TO_32_BIT_CONVERSION = YES;
				GCC_WARN_ABOUT_RETURN_TYPE = YES_ERROR;
				GCC_WARN_UNDECLARED_SELECTOR = YES;
				GCC_WARN_UNINITIALIZED_AUTOS = YES_AGGRESSIVE;
				GCC_WARN_UNUSED_FUNCTION = YES;
				GCC_WARN_UNUSED_VARIABLE = YES;
				IPHONEOS_DEPLOYMENT_TARGET = 10.2;
				MTL_ENABLE_DEBUG_INFO = YES;
				ONLY_ACTIVE_ARCH = YES;
				SDKROOT = iphoneos;
				SWIFT_ACTIVE_COMPILATION_CONDITIONS = DEBUG;
				SWIFT_OPTIMIZATION_LEVEL = "-Onone";
				TARGETED_DEVICE_FAMILY = "1,2";
			};
			name = Debug;
		};
		2E20D7C21E62491B00A3EA0A /* Release */ = {
			isa = XCBuildConfiguration;
			buildSettings = {
				ALWAYS_SEARCH_USER_PATHS = NO;
				CLANG_ANALYZER_NONNULL = YES;
				CLANG_CXX_LANGUAGE_STANDARD = "gnu++0x";
				CLANG_CXX_LIBRARY = "libc++";
				CLANG_ENABLE_MODULES = YES;
				CLANG_ENABLE_OBJC_ARC = YES;
				CLANG_WARN_BOOL_CONVERSION = YES;
				CLANG_WARN_CONSTANT_CONVERSION = YES;
				CLANG_WARN_DIRECT_OBJC_ISA_USAGE = YES_ERROR;
				CLANG_WARN_DOCUMENTATION_COMMENTS = YES;
				CLANG_WARN_EMPTY_BODY = YES;
				CLANG_WARN_ENUM_CONVERSION = YES;
				CLANG_WARN_INFINITE_RECURSION = YES;
				CLANG_WARN_INT_CONVERSION = YES;
				CLANG_WARN_OBJC_ROOT_CLASS = YES_ERROR;
				CLANG_WARN_SUSPICIOUS_MOVE = YES;
				CLANG_WARN_UNREACHABLE_CODE = YES;
				CLANG_WARN__DUPLICATE_METHOD_MATCH = YES;
				"CODE_SIGN_IDENTITY[sdk=iphoneos*]" = "iPhone Developer";
				COPY_PHASE_STRIP = NO;
				DEBUG_INFORMATION_FORMAT = "dwarf-with-dsym";
				ENABLE_NS_ASSERTIONS = NO;
				ENABLE_STRICT_OBJC_MSGSEND = YES;
				GCC_C_LANGUAGE_STANDARD = gnu99;
				GCC_NO_COMMON_BLOCKS = YES;
				GCC_WARN_64_TO_32_BIT_CONVERSION = YES;
				GCC_WARN_ABOUT_RETURN_TYPE = YES_ERROR;
				GCC_WARN_UNDECLARED_SELECTOR = YES;
				GCC_WARN_UNINITIALIZED_AUTOS = YES_AGGRESSIVE;
				GCC_WARN_UNUSED_FUNCTION = YES;
				GCC_WARN_UNUSED_VARIABLE = YES;
				IPHONEOS_DEPLOYMENT_TARGET = 10.2;
				MTL_ENABLE_DEBUG_INFO = NO;
				SDKROOT = iphoneos;
				SWIFT_OPTIMIZATION_LEVEL = "-Owholemodule";
				TARGETED_DEVICE_FAMILY = "1,2";
				VALIDATE_PRODUCT = YES;
			};
			name = Release;
		};
		2E20D7C41E62491B00A3EA0A /* Debug */ = {
			isa = XCBuildConfiguration;
			buildSettings = {
				ASSETCATALOG_COMPILER_APPICON_NAME = AppIcon;
				DEVELOPMENT_TEAM = FZ89A5SZ7C;
				INFOPLIST_FILE = "Telephone Pictionary/Info.plist";
				LD_RUNPATH_SEARCH_PATHS = "$(inherited) @executable_path/Frameworks";
				PRODUCT_BUNDLE_IDENTIFIER = "com.helluva.Telephone-Pictionary";
				PRODUCT_NAME = "$(TARGET_NAME)";
				SWIFT_OBJC_BRIDGING_HEADER = "Telephone Pictionary/jot/jot.h";
				SWIFT_VERSION = 3.0;
			};
			name = Debug;
		};
		2E20D7C51E62491B00A3EA0A /* Release */ = {
			isa = XCBuildConfiguration;
			buildSettings = {
				ASSETCATALOG_COMPILER_APPICON_NAME = AppIcon;
				DEVELOPMENT_TEAM = FZ89A5SZ7C;
				INFOPLIST_FILE = "Telephone Pictionary/Info.plist";
				LD_RUNPATH_SEARCH_PATHS = "$(inherited) @executable_path/Frameworks";
				PRODUCT_BUNDLE_IDENTIFIER = "com.helluva.Telephone-Pictionary";
				PRODUCT_NAME = "$(TARGET_NAME)";
				SWIFT_OBJC_BRIDGING_HEADER = "Telephone Pictionary/jot/jot.h";
				SWIFT_VERSION = 3.0;
			};
			name = Release;
		};
/* End XCBuildConfiguration section */

/* Begin XCConfigurationList section */
		2E20D7AC1E62491A00A3EA0A /* Build configuration list for PBXProject "Telephone Pictionary" */ = {
			isa = XCConfigurationList;
			buildConfigurations = (
				2E20D7C11E62491B00A3EA0A /* Debug */,
				2E20D7C21E62491B00A3EA0A /* Release */,
			);
			defaultConfigurationIsVisible = 0;
			defaultConfigurationName = Release;
		};
		2E20D7C31E62491B00A3EA0A /* Build configuration list for PBXNativeTarget "Telephone Pictionary" */ = {
			isa = XCConfigurationList;
			buildConfigurations = (
				2E20D7C41E62491B00A3EA0A /* Debug */,
				2E20D7C51E62491B00A3EA0A /* Release */,
			);
			defaultConfigurationIsVisible = 0;
			defaultConfigurationName = Release;
		};
/* End XCConfigurationList section */
	};
	rootObject = 2E20D7A91E62491A00A3EA0A /* Project object */;
}
