// !$*UTF8*$!
{
	archiveVersion = 1;
	classes = {
	};
	objectVersion = 46;
	objects = {

/* Begin PBXBuildFile section */
		1B322360B2AD55BF35FBA7AF /* Pods_Telephone_Pictionary.framework in Frameworks */ = {isa = PBXBuildFile; fileRef = 657A4D0AAD14D97821B72BA8 /* Pods_Telephone_Pictionary.framework */; };
		2E1FF2A71E62B82300F031D8 /* WaitingViewController.swift in Sources */ = {isa = PBXBuildFile; fileRef = 2E1FF2A61E62B82300F031D8 /* WaitingViewController.swift */; };
		2E1FF2A91E62B91B00F031D8 /* InitialCaptionViewController.swift in Sources */ = {isa = PBXBuildFile; fileRef = 2E1FF2A81E62B91B00F031D8 /* InitialCaptionViewController.swift */; };
		2E1FF2AB1E62C44400F031D8 /* CaptionWithImageViewController.swift in Sources */ = {isa = PBXBuildFile; fileRef = 2E1FF2AA1E62C44400F031D8 /* CaptionWithImageViewController.swift */; };
		2E20D7B51E62491B00A3EA0A /* AppDelegate.swift in Sources */ = {isa = PBXBuildFile; fileRef = 2E20D7B41E62491B00A3EA0A /* AppDelegate.swift */; };
		2E20D7BA1E62491B00A3EA0A /* Main.storyboard in Resources */ = {isa = PBXBuildFile; fileRef = 2E20D7B81E62491B00A3EA0A /* Main.storyboard */; };
		2E20D7BC1E62491B00A3EA0A /* Assets.xcassets in Resources */ = {isa = PBXBuildFile; fileRef = 2E20D7BB1E62491B00A3EA0A /* Assets.xcassets */; };
		2E20D7BF1E62491B00A3EA0A /* LaunchScreen.storyboard in Resources */ = {isa = PBXBuildFile; fileRef = 2E20D7BD1E62491B00A3EA0A /* LaunchScreen.storyboard */; };
		2E20D7C71E62496A00A3EA0A /* ApplicationState.swift in Sources */ = {isa = PBXBuildFile; fileRef = 2E20D7C61E62496A00A3EA0A /* ApplicationState.swift */; };
		2E20D7CE1E6258FF00A3EA0A /* InitialViewController.swift in Sources */ = {isa = PBXBuildFile; fileRef = 2E20D7CC1E6258FF00A3EA0A /* InitialViewController.swift */; };
		2E20D7CF1E6258FF00A3EA0A /* NavigationController.swift in Sources */ = {isa = PBXBuildFile; fileRef = 2E20D7CD1E6258FF00A3EA0A /* NavigationController.swift */; };
		2E20D7D11E625BD700A3EA0A /* HostViewController.swift in Sources */ = {isa = PBXBuildFile; fileRef = 2E20D7D01E625BD700A3EA0A /* HostViewController.swift */; };
		2E20D7D31E62614A00A3EA0A /* PlayersViewController.swift in Sources */ = {isa = PBXBuildFile; fileRef = 2E20D7D21E62614A00A3EA0A /* PlayersViewController.swift */; };
		2E20D7D51E6268E200A3EA0A /* JoinGameViewController.swift in Sources */ = {isa = PBXBuildFile; fileRef = 2E20D7D41E6268E200A3EA0A /* JoinGameViewController.swift */; };
		2E20D8041E627AAF00A3EA0A /* DrawViewController.swift in Sources */ = {isa = PBXBuildFile; fileRef = 2E20D8031E627AAF00A3EA0A /* DrawViewController.swift */; };
/* End PBXBuildFile section */

/* Begin PBXFileReference section */
		2E1FF2A61E62B82300F031D8 /* WaitingViewController.swift */ = {isa = PBXFileReference; fileEncoding = 4; lastKnownFileType = sourcecode.swift; path = WaitingViewController.swift; sourceTree = "<group>"; };
		2E1FF2A81E62B91B00F031D8 /* InitialCaptionViewController.swift */ = {isa = PBXFileReference; fileEncoding = 4; lastKnownFileType = sourcecode.swift; path = InitialCaptionViewController.swift; sourceTree = "<group>"; };
		2E1FF2AA1E62C44400F031D8 /* CaptionWithImageViewController.swift */ = {isa = PBXFileReference; fileEncoding = 4; lastKnownFileType = sourcecode.swift; path = CaptionWithImageViewController.swift; sourceTree = "<group>"; };
		2E20D7B11E62491B00A3EA0A /* Telephone Pictionary.app */ = {isa = PBXFileReference; explicitFileType = wrapper.application; includeInIndex = 0; path = "Telephone Pictionary.app"; sourceTree = BUILT_PRODUCTS_DIR; };
		2E20D7B41E62491B00A3EA0A /* AppDelegate.swift */ = {isa = PBXFileReference; lastKnownFileType = sourcecode.swift; path = AppDelegate.swift; sourceTree = "<group>"; };
		2E20D7B91E62491B00A3EA0A /* Base */ = {isa = PBXFileReference; lastKnownFileType = file.storyboard; name = Base; path = Base.lproj/Main.storyboard; sourceTree = "<group>"; };
		2E20D7BB1E62491B00A3EA0A /* Assets.xcassets */ = {isa = PBXFileReference; lastKnownFileType = folder.assetcatalog; path = Assets.xcassets; sourceTree = "<group>"; };
		2E20D7BE1E62491B00A3EA0A /* Base */ = {isa = PBXFileReference; lastKnownFileType = file.storyboard; name = Base; path = Base.lproj/LaunchScreen.storyboard; sourceTree = "<group>"; };
		2E20D7C01E62491B00A3EA0A /* Info.plist */ = {isa = PBXFileReference; lastKnownFileType = text.plist.xml; path = Info.plist; sourceTree = "<group>"; };
		2E20D7C61E62496A00A3EA0A /* ApplicationState.swift */ = {isa = PBXFileReference; fileEncoding = 4; lastKnownFileType = sourcecode.swift; path = ApplicationState.swift; sourceTree = "<group>"; };
		2E20D7CC1E6258FF00A3EA0A /* InitialViewController.swift */ = {isa = PBXFileReference; fileEncoding = 4; lastKnownFileType = sourcecode.swift; path = InitialViewController.swift; sourceTree = "<group>"; };
		2E20D7CD1E6258FF00A3EA0A /* NavigationController.swift */ = {isa = PBXFileReference; fileEncoding = 4; lastKnownFileType = sourcecode.swift; path = NavigationController.swift; sourceTree = "<group>"; };
		2E20D7D01E625BD700A3EA0A /* HostViewController.swift */ = {isa = PBXFileReference; fileEncoding = 4; lastKnownFileType = sourcecode.swift; path = HostViewController.swift; sourceTree = "<group>"; };
		2E20D7D21E62614A00A3EA0A /* PlayersViewController.swift */ = {isa = PBXFileReference; fileEncoding = 4; lastKnownFileType = sourcecode.swift; path = PlayersViewController.swift; sourceTree = "<group>"; };
		2E20D7D41E6268E200A3EA0A /* JoinGameViewController.swift */ = {isa = PBXFileReference; fileEncoding = 4; lastKnownFileType = sourcecode.swift; path = JoinGameViewController.swift; sourceTree = "<group>"; };
		2E20D8031E627AAF00A3EA0A /* DrawViewController.swift */ = {isa = PBXFileReference; fileEncoding = 4; lastKnownFileType = sourcecode.swift; path = DrawViewController.swift; sourceTree = "<group>"; };
		5D80615105289CE75992E7BB /* Pods-Telephone Pictionary.release.xcconfig */ = {isa = PBXFileReference; includeInIndex = 1; lastKnownFileType = text.xcconfig; name = "Pods-Telephone Pictionary.release.xcconfig"; path = "Pods/Target Support Files/Pods-Telephone Pictionary/Pods-Telephone Pictionary.release.xcconfig"; sourceTree = "<group>"; };
		657A4D0AAD14D97821B72BA8 /* Pods_Telephone_Pictionary.framework */ = {isa = PBXFileReference; explicitFileType = wrapper.framework; includeInIndex = 0; path = Pods_Telephone_Pictionary.framework; sourceTree = BUILT_PRODUCTS_DIR; };
		968351DCA72771736571CC1E /* Pods-Telephone Pictionary.debug.xcconfig */ = {isa = PBXFileReference; includeInIndex = 1; lastKnownFileType = text.xcconfig; name = "Pods-Telephone Pictionary.debug.xcconfig"; path = "Pods/Target Support Files/Pods-Telephone Pictionary/Pods-Telephone Pictionary.debug.xcconfig"; sourceTree = "<group>"; };
/* End PBXFileReference section */

/* Begin PBXFrameworksBuildPhase section */
		2E20D7AE1E62491A00A3EA0A /* Frameworks */ = {
			isa = PBXFrameworksBuildPhase;
			buildActionMask = 2147483647;
			files = (
				1B322360B2AD55BF35FBA7AF /* Pods_Telephone_Pictionary.framework in Frameworks */,
			);
			runOnlyForDeploymentPostprocessing = 0;
		};
/* End PBXFrameworksBuildPhase section */

/* Begin PBXGroup section */
		2E20D7A81E62491A00A3EA0A = {
			isa = PBXGroup;
			children = (
				2E20D7B31E62491B00A3EA0A /* Telephone Pictionary */,
				2E20D7B21E62491B00A3EA0A /* Products */,
				C8647B6C99CCEE55ADB05034 /* Pods */,
				A1CD98843B79D2AC05EE7CC8 /* Frameworks */,
			);
			sourceTree = "<group>";
		};
		2E20D7B21E62491B00A3EA0A /* Products */ = {
			isa = PBXGroup;
			children = (
				2E20D7B11E62491B00A3EA0A /* Telephone Pictionary.app */,
			);
			name = Products;
			sourceTree = "<group>";
		};
		2E20D7B31E62491B00A3EA0A /* Telephone Pictionary */ = {
			isa = PBXGroup;
			children = (
				2E20D7C61E62496A00A3EA0A /* ApplicationState.swift */,
				2E20D7CB1E6258FF00A3EA0A /* View Controllers */,
				2E20D7B41E62491B00A3EA0A /* AppDelegate.swift */,
				2E20D7B81E62491B00A3EA0A /* Main.storyboard */,
				2E20D7BB1E62491B00A3EA0A /* Assets.xcassets */,
				2E20D7BD1E62491B00A3EA0A /* LaunchScreen.storyboard */,
				2E20D7C01E62491B00A3EA0A /* Info.plist */,
			);
			path = "Telephone Pictionary";
			sourceTree = "<group>";
		};
		2E20D7CB1E6258FF00A3EA0A /* View Controllers */ = {
			isa = PBXGroup;
			children = (
				2E20D7CC1E6258FF00A3EA0A /* InitialViewController.swift */,
				2E20D7CD1E6258FF00A3EA0A /* NavigationController.swift */,
				2E20D7D01E625BD700A3EA0A /* HostViewController.swift */,
				2E20D7D41E6268E200A3EA0A /* JoinGameViewController.swift */,
				2E20D7D21E62614A00A3EA0A /* PlayersViewController.swift */,
				2E1FF2A81E62B91B00F031D8 /* InitialCaptionViewController.swift */,
				2E20D8031E627AAF00A3EA0A /* DrawViewController.swift */,
				2E1FF2A61E62B82300F031D8 /* WaitingViewController.swift */,
				2E1FF2AA1E62C44400F031D8 /* CaptionWithImageViewController.swift */,
			);
			path = "View Controllers";
			sourceTree = "<group>";
		};
		A1CD98843B79D2AC05EE7CC8 /* Frameworks */ = {
			isa = PBXGroup;
			children = (
				657A4D0AAD14D97821B72BA8 /* Pods_Telephone_Pictionary.framework */,
			);
			name = Frameworks;
			sourceTree = "<group>";
		};
		C8647B6C99CCEE55ADB05034 /* Pods */ = {
			isa = PBXGroup;
			children = (
				968351DCA72771736571CC1E /* Pods-Telephone Pictionary.debug.xcconfig */,
				5D80615105289CE75992E7BB /* Pods-Telephone Pictionary.release.xcconfig */,
			);
			name = Pods;
			sourceTree = "<group>";
		};
/* End PBXGroup section */

/* Begin PBXNativeTarget section */
		2E20D7B01E62491A00A3EA0A /* Telephone Pictionary */ = {
			isa = PBXNativeTarget;
			buildConfigurationList = 2E20D7C31E62491B00A3EA0A /* Build configuration list for PBXNativeTarget "Telephone Pictionary" */;
			buildPhases = (
				FD3BEE638E5CC8DC9FCF515B /* [CP] Check Pods Manifest.lock */,
				2E20D7AD1E62491A00A3EA0A /* Sources */,
				2E20D7AE1E62491A00A3EA0A /* Frameworks */,
				2E20D7AF1E62491A00A3EA0A /* Resources */,
				A04BEA13FCC770A2F1FD5D9C /* [CP] Embed Pods Frameworks */,
				41EB7408D6629B9527B79A5F /* [CP] Copy Pods Resources */,
			);
			buildRules = (
			);
			dependencies = (
			);
			name = "Telephone Pictionary";
			productName = "Telephone Pictionary";
			productReference = 2E20D7B11E62491B00A3EA0A /* Telephone Pictionary.app */;
			productType = "com.apple.product-type.application";
		};
/* End PBXNativeTarget section */

/* Begin PBXProject section */
		2E20D7A91E62491A00A3EA0A /* Project object */ = {
			isa = PBXProject;
			attributes = {
				LastSwiftUpdateCheck = 0820;
				LastUpgradeCheck = 0820;
				ORGANIZATIONNAME = "Cal Stephens";
				TargetAttributes = {
					2E20D7B01E62491A00A3EA0A = {
						CreatedOnToolsVersion = 8.2.1;
						DevelopmentTeam = FZ89A5SZ7C;
						ProvisioningStyle = Automatic;
					};
				};
			};
			buildConfigurationList = 2E20D7AC1E62491A00A3EA0A /* Build configuration list for PBXProject "Telephone Pictionary" */;
			compatibilityVersion = "Xcode 3.2";
			developmentRegion = English;
			hasScannedForEncodings = 0;
			knownRegions = (
				en,
				Base,
			);
			mainGroup = 2E20D7A81E62491A00A3EA0A;
			productRefGroup = 2E20D7B21E62491B00A3EA0A /* Products */;
			projectDirPath = "";
			projectRoot = "";
			targets = (
				2E20D7B01E62491A00A3EA0A /* Telephone Pictionary */,
			);
		};
/* End PBXProject section */

/* Begin PBXResourcesBuildPhase section */
		2E20D7AF1E62491A00A3EA0A /* Resources */ = {
			isa = PBXResourcesBuildPhase;
			buildActionMask = 2147483647;
			files = (
				2E20D7BF1E62491B00A3EA0A /* LaunchScreen.storyboard in Resources */,
				2E20D7BC1E62491B00A3EA0A /* Assets.xcassets in Resources */,
				2E20D7BA1E62491B00A3EA0A /* Main.storyboard in Resources */,
			);
			runOnlyForDeploymentPostprocessing = 0;
		};
/* End PBXResourcesBuildPhase section */

/* Begin PBXShellScriptBuildPhase section */
		41EB7408D6629B9527B79A5F /* [CP] Copy Pods Resources */ = {
			isa = PBXShellScriptBuildPhase;
			buildActionMask = 2147483647;
			files = (
			);
			inputPaths = (
			);
			name = "[CP] Copy Pods Resources";
			outputPaths = (
			);
			runOnlyForDeploymentPostprocessing = 0;
			shellPath = /bin/sh;
			shellScript = "\"${SRCROOT}/Pods/Target Support Files/Pods-Telephone Pictionary/Pods-Telephone Pictionary-resources.sh\"\n";
			showEnvVarsInLog = 0;
		};
		A04BEA13FCC770A2F1FD5D9C /* [CP] Embed Pods Frameworks */ = {
			isa = PBXShellScriptBuildPhase;
			buildActionMask = 2147483647;
			files = (
			);
			inputPaths = (
			);
			name = "[CP] Embed Pods Frameworks";
			outputPaths = (
			);
			runOnlyForDeploymentPostprocessing = 0;
			shellPath = /bin/sh;
			shellScript = "\"${SRCROOT}/Pods/Target Support Files/Pods-Telephone Pictionary/Pods-Telephone Pictionary-frameworks.sh\"\n";
			showEnvVarsInLog = 0;
		};
		FD3BEE638E5CC8DC9FCF515B /* [CP] Check Pods Manifest.lock */ = {
			isa = PBXShellScriptBuildPhase;
			buildActionMask = 2147483647;
			files = (
			);
			inputPaths = (
			);
			name = "[CP] Check Pods Manifest.lock";
			outputPaths = (
			);
			runOnlyForDeploymentPostprocessing = 0;
			shellPath = /bin/sh;
			shellScript = "diff \"${PODS_ROOT}/../Podfile.lock\" \"${PODS_ROOT}/Manifest.lock\" > /dev/null\nif [ $? != 0 ] ; then\n    # print error to STDERR\n    echo \"error: The sandbox is not in sync with the Podfile.lock. Run 'pod install' or update your CocoaPods installation.\" >&2\n    exit 1\nfi\n";
			showEnvVarsInLog = 0;
		};
/* End PBXShellScriptBuildPhase section */

/* Begin PBXSourcesBuildPhase section */
		2E20D7AD1E62491A00A3EA0A /* Sources */ = {
			isa = PBXSourcesBuildPhase;
			buildActionMask = 2147483647;
			files = (
				2E1FF2AB1E62C44400F031D8 /* CaptionWithImageViewController.swift in Sources */,
				2E1FF2A91E62B91B00F031D8 /* InitialCaptionViewController.swift in Sources */,
				2E20D7CE1E6258FF00A3EA0A /* InitialViewController.swift in Sources */,
				2E20D7D11E625BD700A3EA0A /* HostViewController.swift in Sources */,
				2E1FF2A71E62B82300F031D8 /* WaitingViewController.swift in Sources */,
				2E20D8041E627AAF00A3EA0A /* DrawViewController.swift in Sources */,
				2E20D7CF1E6258FF00A3EA0A /* NavigationController.swift in Sources */,
				2E20D7C71E62496A00A3EA0A /* ApplicationState.swift in Sources */,
				2E20D7B51E62491B00A3EA0A /* AppDelegate.swift in Sources */,
				2E20D7D31E62614A00A3EA0A /* PlayersViewController.swift in Sources */,
				2E20D7D51E6268E200A3EA0A /* JoinGameViewController.swift in Sources */,
			);
			runOnlyForDeploymentPostprocessing = 0;
		};
/* End PBXSourcesBuildPhase section */

/* Begin PBXVariantGroup section */
		2E20D7B81E62491B00A3EA0A /* Main.storyboard */ = {
			isa = PBXVariantGroup;
			children = (
				2E20D7B91E62491B00A3EA0A /* Base */,
			);
			name = Main.storyboard;
			sourceTree = "<group>";
		};
		2E20D7BD1E62491B00A3EA0A /* LaunchScreen.storyboard */ = {
			isa = PBXVariantGroup;
			children = (
				2E20D7BE1E62491B00A3EA0A /* Base */,
			);
			name = LaunchScreen.storyboard;
			sourceTree = "<group>";
		};
/* End PBXVariantGroup section */

/* Begin XCBuildConfiguration section */
		2E20D7C11E62491B00A3EA0A /* Debug */ = {
			isa = XCBuildConfiguration;
			buildSettings = {
				ALWAYS_SEARCH_USER_PATHS = NO;
				CLANG_ANALYZER_NONNULL = YES;
				CLANG_CXX_LANGUAGE_STANDARD = "gnu++0x";
				CLANG_CXX_LIBRARY = "libc++";
				CLANG_ENABLE_MODULES = YES;
				CLANG_ENABLE_OBJC_ARC = YES;
				CLANG_WARN_BOOL_CONVERSION = YES;
				CLANG_WARN_CONSTANT_CONVERSION = YES;
				CLANG_WARN_DIRECT_OBJC_ISA_USAGE = YES_ERROR;
				CLANG_WARN_DOCUMENTATION_COMMENTS = YES;
				CLANG_WARN_EMPTY_BODY = YES;
				CLANG_WARN_ENUM_CONVERSION = YES;
				CLANG_WARN_INFINITE_RECURSION = YES;
				CLANG_WARN_INT_CONVERSION = YES;
				CLANG_WARN_OBJC_ROOT_CLASS = YES_ERROR;
				CLANG_WARN_SUSPICIOUS_MOVE = YES;
				CLANG_WARN_UNREACHABLE_CODE = YES;
				CLANG_WARN__DUPLICATE_METHOD_MATCH = YES;
				"CODE_SIGN_IDENTITY[sdk=iphoneos*]" = "iPhone Developer";
				COPY_PHASE_STRIP = NO;
				DEBUG_INFORMATION_FORMAT = dwarf;
				ENABLE_STRICT_OBJC_MSGSEND = YES;
				ENABLE_TESTABILITY = YES;
				GCC_C_LANGUAGE_STANDARD = gnu99;
				GCC_DYNAMIC_NO_PIC = NO;
				GCC_NO_COMMON_BLOCKS = YES;
				GCC_OPTIMIZATION_LEVEL = 0;
				GCC_PREPROCESSOR_DEFINITIONS = (
					"DEBUG=1",
					"$(inherited)",
				);
				GCC_WARN_64_TO_32_BIT_CONVERSION = YES;
				GCC_WARN_ABOUT_RETURN_TYPE = YES_ERROR;
				GCC_WARN_UNDECLARED_SELECTOR = YES;
				GCC_WARN_UNINITIALIZED_AUTOS = YES_AGGRESSIVE;
				GCC_WARN_UNUSED_FUNCTION = YES;
				GCC_WARN_UNUSED_VARIABLE = YES;
				IPHONEOS_DEPLOYMENT_TARGET = 10.2;
				MTL_ENABLE_DEBUG_INFO = YES;
				ONLY_ACTIVE_ARCH = YES;
				SDKROOT = iphoneos;
				SWIFT_ACTIVE_COMPILATION_CONDITIONS = DEBUG;
				SWIFT_OPTIMIZATION_LEVEL = "-Onone";
				TARGETED_DEVICE_FAMILY = "1,2";
			};
			name = Debug;
		};
		2E20D7C21E62491B00A3EA0A /* Release */ = {
			isa = XCBuildConfiguration;
			buildSettings = {
				ALWAYS_SEARCH_USER_PATHS = NO;
				CLANG_ANALYZER_NONNULL = YES;
				CLANG_CXX_LANGUAGE_STANDARD = "gnu++0x";
				CLANG_CXX_LIBRARY = "libc++";
				CLANG_ENABLE_MODULES = YES;
				CLANG_ENABLE_OBJC_ARC = YES;
				CLANG_WARN_BOOL_CONVERSION = YES;
				CLANG_WARN_CONSTANT_CONVERSION = YES;
				CLANG_WARN_DIRECT_OBJC_ISA_USAGE = YES_ERROR;
				CLANG_WARN_DOCUMENTATION_COMMENTS = YES;
				CLANG_WARN_EMPTY_BODY = YES;
				CLANG_WARN_ENUM_CONVERSION = YES;
				CLANG_WARN_INFINITE_RECURSION = YES;
				CLANG_WARN_INT_CONVERSION = YES;
				CLANG_WARN_OBJC_ROOT_CLASS = YES_ERROR;
				CLANG_WARN_SUSPICIOUS_MOVE = YES;
				CLANG_WARN_UNREACHABLE_CODE = YES;
				CLANG_WARN__DUPLICATE_METHOD_MATCH = YES;
				"CODE_SIGN_IDENTITY[sdk=iphoneos*]" = "iPhone Developer";
				COPY_PHASE_STRIP = NO;
				DEBUG_INFORMATION_FORMAT = "dwarf-with-dsym";
				ENABLE_NS_ASSERTIONS = NO;
				ENABLE_STRICT_OBJC_MSGSEND = YES;
				GCC_C_LANGUAGE_STANDARD = gnu99;
				GCC_NO_COMMON_BLOCKS = YES;
				GCC_WARN_64_TO_32_BIT_CONVERSION = YES;
				GCC_WARN_ABOUT_RETURN_TYPE = YES_ERROR;
				GCC_WARN_UNDECLARED_SELECTOR = YES;
				GCC_WARN_UNINITIALIZED_AUTOS = YES_AGGRESSIVE;
				GCC_WARN_UNUSED_FUNCTION = YES;
				GCC_WARN_UNUSED_VARIABLE = YES;
				IPHONEOS_DEPLOYMENT_TARGET = 10.2;
				MTL_ENABLE_DEBUG_INFO = NO;
				SDKROOT = iphoneos;
				SWIFT_OPTIMIZATION_LEVEL = "-Owholemodule";
				TARGETED_DEVICE_FAMILY = "1,2";
				VALIDATE_PRODUCT = YES;
			};
			name = Release;
		};
		2E20D7C41E62491B00A3EA0A /* Debug */ = {
			isa = XCBuildConfiguration;
			baseConfigurationReference = 968351DCA72771736571CC1E /* Pods-Telephone Pictionary.debug.xcconfig */;
			buildSettings = {
				ASSETCATALOG_COMPILER_APPICON_NAME = AppIcon;
				DEVELOPMENT_TEAM = FZ89A5SZ7C;
				INFOPLIST_FILE = "Telephone Pictionary/Info.plist";
				LD_RUNPATH_SEARCH_PATHS = "$(inherited) @executable_path/Frameworks";
				PRODUCT_BUNDLE_IDENTIFIER = "com.helluva.Telephone-Pictionary";
				PRODUCT_NAME = "$(TARGET_NAME)";
				SWIFT_OBJC_BRIDGING_HEADER = "";
				SWIFT_VERSION = 3.0;
			};
			name = Debug;
		};
		2E20D7C51E62491B00A3EA0A /* Release */ = {
			isa = XCBuildConfiguration;
			baseConfigurationReference = 5D80615105289CE75992E7BB /* Pods-Telephone Pictionary.release.xcconfig */;
			buildSettings = {
				ASSETCATALOG_COMPILER_APPICON_NAME = AppIcon;
				DEVELOPMENT_TEAM = FZ89A5SZ7C;
				INFOPLIST_FILE = "Telephone Pictionary/Info.plist";
				LD_RUNPATH_SEARCH_PATHS = "$(inherited) @executable_path/Frameworks";
				PRODUCT_BUNDLE_IDENTIFIER = "com.helluva.Telephone-Pictionary";
				PRODUCT_NAME = "$(TARGET_NAME)";
				SWIFT_OBJC_BRIDGING_HEADER = "";
				SWIFT_VERSION = 3.0;
			};
			name = Release;
		};
/* End XCBuildConfiguration section */

/* Begin XCConfigurationList section */
		2E20D7AC1E62491A00A3EA0A /* Build configuration list for PBXProject "Telephone Pictionary" */ = {
			isa = XCConfigurationList;
			buildConfigurations = (
				2E20D7C11E62491B00A3EA0A /* Debug */,
				2E20D7C21E62491B00A3EA0A /* Release */,
			);
			defaultConfigurationIsVisible = 0;
			defaultConfigurationName = Release;
		};
		2E20D7C31E62491B00A3EA0A /* Build configuration list for PBXNativeTarget "Telephone Pictionary" */ = {
			isa = XCConfigurationList;
			buildConfigurations = (
				2E20D7C41E62491B00A3EA0A /* Debug */,
				2E20D7C51E62491B00A3EA0A /* Release */,
			);
			defaultConfigurationIsVisible = 0;
			defaultConfigurationName = Release;
		};
/* End XCConfigurationList section */
	};
	rootObject = 2E20D7A91E62491A00A3EA0A /* Project object */;
}
